// !$*UTF8*$!
{
	archiveVersion = 1;
	classes = {
	};
	objectVersion = 46;
	objects = {

/* Begin PBXBuildFile section */
		D202AE4C1A91D41F00FC8493 /* MilesTests.swift in Sources */ = {isa = PBXBuildFile; fileRef = D20AD9751A91D15E0043E5C5 /* MilesTests.swift */; };
		D20AD9601A91D15D0043E5C5 /* AppDelegate.swift in Sources */ = {isa = PBXBuildFile; fileRef = D20AD95F1A91D15D0043E5C5 /* AppDelegate.swift */; };
		D20AD9831A91D1F00043E5C5 /* Miles.swift in Sources */ = {isa = PBXBuildFile; fileRef = D20AD9821A91D1F00043E5C5 /* Miles.swift */; };
		D27B22B01A91DCD9007774E6 /* Launch Screen.xib in Resources */ = {isa = PBXBuildFile; fileRef = D27B22AF1A91DCD9007774E6 /* Launch Screen.xib */; };
/* End PBXBuildFile section */

/* Begin PBXContainerItemProxy section */
		D20AD9701A91D15E0043E5C5 /* PBXContainerItemProxy */ = {
			isa = PBXContainerItemProxy;
			containerPortal = D20AD9521A91D15D0043E5C5 /* Project object */;
			proxyType = 1;
			remoteGlobalIDString = D20AD9591A91D15D0043E5C5;
			remoteInfo = Miles;
		};
/* End PBXContainerItemProxy section */

/* Begin PBXFileReference section */
		D20AD95A1A91D15D0043E5C5 /* Miles.app */ = {isa = PBXFileReference; explicitFileType = wrapper.application; includeInIndex = 0; path = Miles.app; sourceTree = BUILT_PRODUCTS_DIR; };
		D20AD95E1A91D15D0043E5C5 /* Info.plist */ = {isa = PBXFileReference; lastKnownFileType = text.plist.xml; path = Info.plist; sourceTree = "<group>"; };
		D20AD95F1A91D15D0043E5C5 /* AppDelegate.swift */ = {isa = PBXFileReference; lastKnownFileType = sourcecode.swift; path = AppDelegate.swift; sourceTree = "<group>"; };
		D20AD96F1A91D15E0043E5C5 /* MilesTests.xctest */ = {isa = PBXFileReference; explicitFileType = wrapper.cfbundle; includeInIndex = 0; path = MilesTests.xctest; sourceTree = BUILT_PRODUCTS_DIR; };
		D20AD9751A91D15E0043E5C5 /* MilesTests.swift */ = {isa = PBXFileReference; lastKnownFileType = sourcecode.swift; path = MilesTests.swift; sourceTree = "<group>"; };
		D20AD9801A91D1A30043E5C5 /* Info.plist */ = {isa = PBXFileReference; fileEncoding = 4; lastKnownFileType = text.plist.xml; path = Info.plist; sourceTree = "<group>"; };
		D20AD9821A91D1F00043E5C5 /* Miles.swift */ = {isa = PBXFileReference; fileEncoding = 4; lastKnownFileType = sourcecode.swift; path = Miles.swift; sourceTree = "<group>"; };
		D27B22AF1A91DCD9007774E6 /* Launch Screen.xib */ = {isa = PBXFileReference; fileEncoding = 4; lastKnownFileType = file.xib; path = "Launch Screen.xib"; sourceTree = "<group>"; };
/* End PBXFileReference section */

/* Begin PBXFrameworksBuildPhase section */
		D20AD9571A91D15D0043E5C5 /* Frameworks */ = {
			isa = PBXFrameworksBuildPhase;
			buildActionMask = 2147483647;
			files = (
			);
			runOnlyForDeploymentPostprocessing = 0;
		};
		D20AD96C1A91D15E0043E5C5 /* Frameworks */ = {
			isa = PBXFrameworksBuildPhase;
			buildActionMask = 2147483647;
			files = (
			);
			runOnlyForDeploymentPostprocessing = 0;
		};
/* End PBXFrameworksBuildPhase section */

/* Begin PBXGroup section */
		D20AD9511A91D15D0043E5C5 = {
			isa = PBXGroup;
			children = (
				D20AD95C1A91D15D0043E5C5 /* Miles */,
				D20AD9721A91D15E0043E5C5 /* MilesTests */,
				D20AD95B1A91D15D0043E5C5 /* Products */,
			);
			sourceTree = "<group>";
		};
		D20AD95B1A91D15D0043E5C5 /* Products */ = {
			isa = PBXGroup;
			children = (
				D20AD95A1A91D15D0043E5C5 /* Miles.app */,
				D20AD96F1A91D15E0043E5C5 /* MilesTests.xctest */,
			);
			name = Products;
			sourceTree = "<group>";
		};
		D20AD95C1A91D15D0043E5C5 /* Miles */ = {
			isa = PBXGroup;
			children = (
				D20AD95F1A91D15D0043E5C5 /* AppDelegate.swift */,
				D20AD95D1A91D15D0043E5C5 /* Supporting Files */,
			);
			path = Miles;
			sourceTree = "<group>";
		};
		D20AD95D1A91D15D0043E5C5 /* Supporting Files */ = {
			isa = PBXGroup;
			children = (
				D20AD95E1A91D15D0043E5C5 /* Info.plist */,
				D27B22AF1A91DCD9007774E6 /* Launch Screen.xib */,
			);
			name = "Supporting Files";
			sourceTree = "<group>";
		};
		D20AD9721A91D15E0043E5C5 /* MilesTests */ = {
			isa = PBXGroup;
			children = (
				D20AD9821A91D1F00043E5C5 /* Miles.swift */,
				D20AD9751A91D15E0043E5C5 /* MilesTests.swift */,
				D20AD97F1A91D1A30043E5C5 /* Supporting Files */,
			);
			path = MilesTests;
			sourceTree = "<group>";
		};
		D20AD97F1A91D1A30043E5C5 /* Supporting Files */ = {
			isa = PBXGroup;
			children = (
				D20AD9801A91D1A30043E5C5 /* Info.plist */,
			);
			path = "Supporting Files";
			sourceTree = "<group>";
		};
/* End PBXGroup section */

/* Begin PBXNativeTarget section */
		D20AD9591A91D15D0043E5C5 /* Miles */ = {
			isa = PBXNativeTarget;
			buildConfigurationList = D20AD9791A91D15E0043E5C5 /* Build configuration list for PBXNativeTarget "Miles" */;
			buildPhases = (
				D20AD9561A91D15D0043E5C5 /* Sources */,
				D20AD9571A91D15D0043E5C5 /* Frameworks */,
				D20AD9581A91D15D0043E5C5 /* Resources */,
			);
			buildRules = (
			);
			dependencies = (
			);
			name = Miles;
			productName = Miles;
			productReference = D20AD95A1A91D15D0043E5C5 /* Miles.app */;
			productType = "com.apple.product-type.application";
		};
		D20AD96E1A91D15E0043E5C5 /* MilesTests */ = {
			isa = PBXNativeTarget;
			buildConfigurationList = D20AD97C1A91D15E0043E5C5 /* Build configuration list for PBXNativeTarget "MilesTests" */;
			buildPhases = (
				D20AD96B1A91D15E0043E5C5 /* Sources */,
				D20AD96C1A91D15E0043E5C5 /* Frameworks */,
				D20AD96D1A91D15E0043E5C5 /* Resources */,
			);
			buildRules = (
			);
			dependencies = (
				D20AD9711A91D15E0043E5C5 /* PBXTargetDependency */,
			);
			name = MilesTests;
			productName = MilesTests;
			productReference = D20AD96F1A91D15E0043E5C5 /* MilesTests.xctest */;
			productType = "com.apple.product-type.bundle.unit-test";
		};
/* End PBXNativeTarget section */

/* Begin PBXProject section */
		D20AD9521A91D15D0043E5C5 /* Project object */ = {
			isa = PBXProject;
			attributes = {
				LastUpgradeCheck = 0630;
				ORGANIZATIONNAME = Tastemade;
				TargetAttributes = {
					D20AD9591A91D15D0043E5C5 = {
						CreatedOnToolsVersion = 6.3;
					};
					D20AD96E1A91D15E0043E5C5 = {
						CreatedOnToolsVersion = 6.3;
						TestTargetID = D20AD9591A91D15D0043E5C5;
					};
				};
			};
			buildConfigurationList = D20AD9551A91D15D0043E5C5 /* Build configuration list for PBXProject "Miles" */;
			compatibilityVersion = "Xcode 3.2";
			developmentRegion = English;
			hasScannedForEncodings = 0;
			knownRegions = (
				en,
				Base,
			);
			mainGroup = D20AD9511A91D15D0043E5C5;
			productRefGroup = D20AD95B1A91D15D0043E5C5 /* Products */;
			projectDirPath = "";
			projectRoot = "";
			targets = (
				D20AD9591A91D15D0043E5C5 /* Miles */,
				D20AD96E1A91D15E0043E5C5 /* MilesTests */,
			);
		};
/* End PBXProject section */

/* Begin PBXResourcesBuildPhase section */
		D20AD9581A91D15D0043E5C5 /* Resources */ = {
			isa = PBXResourcesBuildPhase;
			buildActionMask = 2147483647;
			files = (
				D27B22B01A91DCD9007774E6 /* Launch Screen.xib in Resources */,
			);
			runOnlyForDeploymentPostprocessing = 0;
		};
		D20AD96D1A91D15E0043E5C5 /* Resources */ = {
			isa = PBXResourcesBuildPhase;
			buildActionMask = 2147483647;
			files = (
			);
			runOnlyForDeploymentPostprocessing = 0;
		};
/* End PBXResourcesBuildPhase section */

/* Begin PBXSourcesBuildPhase section */
		D20AD9561A91D15D0043E5C5 /* Sources */ = {
			isa = PBXSourcesBuildPhase;
			buildActionMask = 2147483647;
			files = (
				D20AD9601A91D15D0043E5C5 /* AppDelegate.swift in Sources */,
			);
			runOnlyForDeploymentPostprocessing = 0;
		};
		D20AD96B1A91D15E0043E5C5 /* Sources */ = {
			isa = PBXSourcesBuildPhase;
			buildActionMask = 2147483647;
			files = (
				D202AE4C1A91D41F00FC8493 /* MilesTests.swift in Sources */,
				D20AD9831A91D1F00043E5C5 /* Miles.swift in Sources */,
			);
			runOnlyForDeploymentPostprocessing = 0;
		};
/* End PBXSourcesBuildPhase section */

/* Begin PBXTargetDependency section */
		D20AD9711A91D15E0043E5C5 /* PBXTargetDependency */ = {
			isa = PBXTargetDependency;
			target = D20AD9591A91D15D0043E5C5 /* Miles */;
			targetProxy = D20AD9701A91D15E0043E5C5 /* PBXContainerItemProxy */;
		};
/* End PBXTargetDependency section */

/* Begin XCBuildConfiguration section */
		D20AD9771A91D15E0043E5C5 /* Debug */ = {
			isa = XCBuildConfiguration;
			buildSettings = {
				ALWAYS_SEARCH_USER_PATHS = NO;
				CLANG_CXX_LANGUAGE_STANDARD = "gnu++0x";
				CLANG_CXX_LIBRARY = "libc++";
				CLANG_ENABLE_MODULES = YES;
				CLANG_ENABLE_OBJC_ARC = YES;
				CLANG_WARN_BOOL_CONVERSION = YES;
				CLANG_WARN_CONSTANT_CONVERSION = YES;
				CLANG_WARN_DIRECT_OBJC_ISA_USAGE = YES_ERROR;
				CLANG_WARN_EMPTY_BODY = YES;
				CLANG_WARN_ENUM_CONVERSION = YES;
				CLANG_WARN_INT_CONVERSION = YES;
				CLANG_WARN_OBJC_ROOT_CLASS = YES_ERROR;
				CLANG_WARN_UNREACHABLE_CODE = YES;
				CLANG_WARN__DUPLICATE_METHOD_MATCH = YES;
				"CODE_SIGN_IDENTITY[sdk=iphoneos*]" = "iPhone Developer";
				COPY_PHASE_STRIP = NO;
				DEBUG_INFORMATION_FORMAT = dwarf;
				ENABLE_STRICT_OBJC_MSGSEND = YES;
				GCC_C_LANGUAGE_STANDARD = gnu99;
				GCC_DYNAMIC_NO_PIC = NO;
				GCC_OPTIMIZATION_LEVEL = 0;
				GCC_PREPROCESSOR_DEFINITIONS = (
					"DEBUG=1",
					"$(inherited)",
				);
				GCC_SYMBOLS_PRIVATE_EXTERN = NO;
				GCC_WARN_64_TO_32_BIT_CONVERSION = YES;
				GCC_WARN_ABOUT_RETURN_TYPE = YES_ERROR;
				GCC_WARN_UNDECLARED_SELECTOR = YES;
				GCC_WARN_UNINITIALIZED_AUTOS = YES_AGGRESSIVE;
				GCC_WARN_UNUSED_FUNCTION = YES;
				GCC_WARN_UNUSED_VARIABLE = YES;
				IPHONEOS_DEPLOYMENT_TARGET = 8.3;
				MTL_ENABLE_DEBUG_INFO = YES;
				ONLY_ACTIVE_ARCH = YES;
				SDKROOT = iphoneos;
				SWIFT_OPTIMIZATION_LEVEL = "-Onone";
				TARGETED_DEVICE_FAMILY = "1,2";
			};
			name = Debug;
		};
		D20AD9781A91D15E0043E5C5 /* Release */ = {
			isa = XCBuildConfiguration;
			buildSettings = {
				ALWAYS_SEARCH_USER_PATHS = NO;
				CLANG_CXX_LANGUAGE_STANDARD = "gnu++0x";
				CLANG_CXX_LIBRARY = "libc++";
				CLANG_ENABLE_MODULES = YES;
				CLANG_ENABLE_OBJC_ARC = YES;
				CLANG_WARN_BOOL_CONVERSION = YES;
				CLANG_WARN_CONSTANT_CONVERSION = YES;
				CLANG_WARN_DIRECT_OBJC_ISA_USAGE = YES_ERROR;
				CLANG_WARN_EMPTY_BODY = YES;
				CLANG_WARN_ENUM_CONVERSION = YES;
				CLANG_WARN_INT_CONVERSION = YES;
				CLANG_WARN_OBJC_ROOT_CLASS = YES_ERROR;
				CLANG_WARN_UNREACHABLE_CODE = YES;
				CLANG_WARN__DUPLICATE_METHOD_MATCH = YES;
				"CODE_SIGN_IDENTITY[sdk=iphoneos*]" = "iPhone Developer";
				COPY_PHASE_STRIP = NO;
				DEBUG_INFORMATION_FORMAT = "dwarf-with-dsym";
				ENABLE_NS_ASSERTIONS = NO;
				ENABLE_STRICT_OBJC_MSGSEND = YES;
				GCC_C_LANGUAGE_STANDARD = gnu99;
				GCC_WARN_64_TO_32_BIT_CONVERSION = YES;
				GCC_WARN_ABOUT_RETURN_TYPE = YES_ERROR;
				GCC_WARN_UNDECLARED_SELECTOR = YES;
				GCC_WARN_UNINITIALIZED_AUTOS = YES_AGGRESSIVE;
				GCC_WARN_UNUSED_FUNCTION = YES;
				GCC_WARN_UNUSED_VARIABLE = YES;
				IPHONEOS_DEPLOYMENT_TARGET = 8.3;
				MTL_ENABLE_DEBUG_INFO = NO;
				SDKROOT = iphoneos;
				TARGETED_DEVICE_FAMILY = "1,2";
				VALIDATE_PRODUCT = YES;
			};
			name = Release;
		};
		D20AD97A1A91D15E0043E5C5 /* Debug */ = {
			isa = XCBuildConfiguration;
			buildSettings = {
				ASSETCATALOG_COMPILER_APPICON_NAME = AppIcon;
				INFOPLIST_FILE = Miles/Info.plist;
				IPHONEOS_DEPLOYMENT_TARGET = 8.1;
				LD_RUNPATH_SEARCH_PATHS = "$(inherited) @executable_path/Frameworks";
				PRODUCT_NAME = "$(TARGET_NAME)";
			};
			name = Debug;
		};
		D20AD97B1A91D15E0043E5C5 /* Release */ = {
			isa = XCBuildConfiguration;
			buildSettings = {
				ASSETCATALOG_COMPILER_APPICON_NAME = AppIcon;
				INFOPLIST_FILE = Miles/Info.plist;
				IPHONEOS_DEPLOYMENT_TARGET = 8.1;
				LD_RUNPATH_SEARCH_PATHS = "$(inherited) @executable_path/Frameworks";
				PRODUCT_NAME = "$(TARGET_NAME)";
			};
			name = Release;
		};
		D20AD97D1A91D15E0043E5C5 /* Debug */ = {
			isa = XCBuildConfiguration;
			buildSettings = {
				BUNDLE_LOADER = "$(TEST_HOST)";
				FRAMEWORK_SEARCH_PATHS = (
					"$(SDKROOT)/Developer/Library/Frameworks",
					"$(inherited)",
				);
				GCC_PREPROCESSOR_DEFINITIONS = (
					"DEBUG=1",
					"$(inherited)",
				);
				INFOPLIST_FILE = "MilesTests/Supporting Files/Info.plist";
				IPHONEOS_DEPLOYMENT_TARGET = 8.1;
				LD_RUNPATH_SEARCH_PATHS = "$(inherited) @executable_path/Frameworks @loader_path/Frameworks";
				PRODUCT_NAME = "$(TARGET_NAME)";
				TEST_HOST = "$(BUILT_PRODUCTS_DIR)/Miles.app/Miles";
			};
			name = Debug;
		};
		D20AD97E1A91D15E0043E5C5 /* Release */ = {
			isa = XCBuildConfiguration;
			buildSettings = {
				BUNDLE_LOADER = "$(TEST_HOST)";
				FRAMEWORK_SEARCH_PATHS = (
					"$(SDKROOT)/Developer/Library/Frameworks",
					"$(inherited)",
				);
				INFOPLIST_FILE = "MilesTests/Supporting Files/Info.plist";
				IPHONEOS_DEPLOYMENT_TARGET = 8.1;
				LD_RUNPATH_SEARCH_PATHS = "$(inherited) @executable_path/Frameworks @loader_path/Frameworks";
				PRODUCT_NAME = "$(TARGET_NAME)";
				TEST_HOST = "$(BUILT_PRODUCTS_DIR)/Miles.app/Miles";
			};
			name = Release;
		};
/* End XCBuildConfiguration section */

/* Begin XCConfigurationList section */
		D20AD9551A91D15D0043E5C5 /* Build configuration list for PBXProject "Miles" */ = {
			isa = XCConfigurationList;
			buildConfigurations = (
				D20AD9771A91D15E0043E5C5 /* Debug */,
				D20AD9781A91D15E0043E5C5 /* Release */,
			);
			defaultConfigurationIsVisible = 0;
			defaultConfigurationName = Release;
		};
		D20AD9791A91D15E0043E5C5 /* Build configuration list for PBXNativeTarget "Miles" */ = {
			isa = XCConfigurationList;
			buildConfigurations = (
				D20AD97A1A91D15E0043E5C5 /* Debug */,
				D20AD97B1A91D15E0043E5C5 /* Release */,
			);
			defaultConfigurationIsVisible = 0;
			defaultConfigurationName = Release;
		};
		D20AD97C1A91D15E0043E5C5 /* Build configuration list for PBXNativeTarget "MilesTests" */ = {
			isa = XCConfigurationList;
			buildConfigurations = (
				D20AD97D1A91D15E0043E5C5 /* Debug */,
				D20AD97E1A91D15E0043E5C5 /* Release */,
			);
			defaultConfigurationIsVisible = 0;
			defaultConfigurationName = Release;
		};
/* End XCConfigurationList section */
	};
	rootObject = D20AD9521A91D15D0043E5C5 /* Project object */;
}
